
Microsoft Visual Studio Solution File, Format Version 12.00
# Visual Studio Version 17
VisualStudioVersion = 17.5.33516.290
MinimumVisualStudioVersion = 10.0.40219.1
Project("{FAE04EC0-301F-11D3-BF4B-00C04F79EFBC}") = "Final_Project", "Final_Project\Final_Project.csproj", "{ADF933DD-EBFE-44FB-81CD-469E4882EDCE}"
EndProject
Global
	GlobalSection(SolutionConfigurationPlatforms) = preSolution
		Debug|Any CPU = Debug|Any CPU
		Release|Any CPU = Release|Any CPU
	EndGlobalSection
	GlobalSection(ProjectConfigurationPlatforms) = postSolution
		{ADF933DD-EBFE-44FB-81CD-469E4882EDCE}.Debug|Any CPU.ActiveCfg = Debug|Any CPU
		{ADF933DD-EBFE-44FB-81CD-469E4882EDCE}.Debug|Any CPU.Build.0 = Debug|Any CPU
		{ADF933DD-EBFE-44FB-81CD-469E4882EDCE}.Release|Any CPU.ActiveCfg = Release|Any CPU
		{ADF933DD-EBFE-44FB-81CD-469E4882EDCE}.Release|Any CPU.Build.0 = Release|Any CPU
	EndGlobalSection
	GlobalSection(SolutionProperties) = preSolution
		HideSolutionNode = FALSE
	EndGlobalSection
	GlobalSection(ExtensibilityGlobals) = postSolution
		SolutionGuid = {F0A8A9BC-C951-4649-B2E2-C3F95B3B6E61}
	EndGlobalSection
EndGlobal
